
Microsoft Visual Studio Solution File, Format Version 12.00
# Visual Studio 15
VisualStudioVersion = 15.0.27703.2035
MinimumVisualStudioVersion = 10.0.40219.1
Project("{9A19103F-16F7-4668-BE54-9A1E7A4F7556}") = "farmShop", "farmShop\farmShop.csproj", "{31FD4F11-7C78-45D8-8906-279FE17AF418}"
EndProject
Project("{2150E333-8FDC-42A3-9474-1A3956D46DE8}") = "2-Services", "2-Services", "{889D319D-D2D1-4F4D-9DD1-1A991C8041CC}"
	ProjectSection(SolutionItems) = preProject
		服务功能.txt = 服务功能.txt
	EndProjectSection
EndProject
Project("{9A19103F-16F7-4668-BE54-9A1E7A4F7556}") = "ProductService", "ProductService\ProductService.csproj", "{52ECCCE7-83E5-4F21-A379-BB01EA3023BD}"
EndProject
Project("{2150E333-8FDC-42A3-9474-1A3956D46DE8}") = "0-Test", "0-Test", "{554E7BE3-1D51-4701-9728-01AFF13F5ED7}"
EndProject
Project("{9A19103F-16F7-4668-BE54-9A1E7A4F7556}") = "JWTTest1", "JWTTest1\JWTTest1.csproj", "{F6899673-1C3B-4FD2-BCF4-76DC1BB8C449}"
EndProject
Project("{9A19103F-16F7-4668-BE54-9A1E7A4F7556}") = "OrderService", "OrderService\OrderService.csproj", "{34AA9FFD-3BE7-42DE-9C01-4F9E8DA83F73}"
EndProject
Project("{2150E333-8FDC-42A3-9474-1A3956D46DE8}") = "1-Core", "1-Core", "{9F44BD85-6357-4956-8B94-62A58FE32C4D}"
EndProject
Project("{2150E333-8FDC-42A3-9474-1A3956D46DE8}") = "3-App", "3-App", "{5E851EAD-6004-45DC-B063-00A16E14B8AA}"
EndProject
Project("{9A19103F-16F7-4668-BE54-9A1E7A4F7556}") = "framShop.Data", "framShop.Data\framShop.Data.csproj", "{36F75355-451B-45CD-8F1B-970B16FFABA6}"
EndProject
Project("{9A19103F-16F7-4668-BE54-9A1E7A4F7556}") = "framShop.Core", "framShop.Core\framShop.Core.csproj", "{B90BA148-415C-48AB-9973-19EB0CE44D29}"
EndProject
Project("{9A19103F-16F7-4668-BE54-9A1E7A4F7556}") = "PromotionService", "PromotionService\PromotionService.csproj", "{2C59E688-C439-496B-814E-373A14E3CCF5}"
EndProject
Project("{9A19103F-16F7-4668-BE54-9A1E7A4F7556}") = "ShopService", "ShopService\ShopService.csproj", "{854C0C53-B937-4DF3-BDBA-E89363EFD77C}"
EndProject
Project("{9A19103F-16F7-4668-BE54-9A1E7A4F7556}") = "UserService", "UserService\UserService.csproj", "{A23CDBF3-D471-4BA2-82FE-3C949E148DA9}"
EndProject
Project("{FAE04EC0-301F-11D3-BF4B-00C04F79EFBC}") = "CartService", "CartService\CartService.csproj", "{B2D39A78-02FF-41A4-8755-72FE469E29D3}"
EndProject
Project("{FAE04EC0-301F-11D3-BF4B-00C04F79EFBC}") = "AddressService", "AddressService\AddressService.csproj", "{ECC96F24-854F-484B-B677-879A5609C7D1}"
EndProject
Project("{FAE04EC0-301F-11D3-BF4B-00C04F79EFBC}") = "PaymentService", "PaymentService\PaymentService.csproj", "{A4C92B74-BFCD-48F7-A6BC-C2EC51633C4C}"
EndProject
Global
	GlobalSection(SolutionConfigurationPlatforms) = preSolution
		Debug|Any CPU = Debug|Any CPU
		Release|Any CPU = Release|Any CPU
	EndGlobalSection
	GlobalSection(ProjectConfigurationPlatforms) = postSolution
		{31FD4F11-7C78-45D8-8906-279FE17AF418}.Debug|Any CPU.ActiveCfg = Debug|Any CPU
		{31FD4F11-7C78-45D8-8906-279FE17AF418}.Debug|Any CPU.Build.0 = Debug|Any CPU
		{31FD4F11-7C78-45D8-8906-279FE17AF418}.Release|Any CPU.ActiveCfg = Release|Any CPU
		{31FD4F11-7C78-45D8-8906-279FE17AF418}.Release|Any CPU.Build.0 = Release|Any CPU
		{52ECCCE7-83E5-4F21-A379-BB01EA3023BD}.Debug|Any CPU.ActiveCfg = Debug|Any CPU
		{52ECCCE7-83E5-4F21-A379-BB01EA3023BD}.Debug|Any CPU.Build.0 = Debug|Any CPU
		{52ECCCE7-83E5-4F21-A379-BB01EA3023BD}.Release|Any CPU.ActiveCfg = Release|Any CPU
		{52ECCCE7-83E5-4F21-A379-BB01EA3023BD}.Release|Any CPU.Build.0 = Release|Any CPU
		{F6899673-1C3B-4FD2-BCF4-76DC1BB8C449}.Debug|Any CPU.ActiveCfg = Debug|Any CPU
		{F6899673-1C3B-4FD2-BCF4-76DC1BB8C449}.Debug|Any CPU.Build.0 = Debug|Any CPU
		{F6899673-1C3B-4FD2-BCF4-76DC1BB8C449}.Release|Any CPU.ActiveCfg = Release|Any CPU
		{F6899673-1C3B-4FD2-BCF4-76DC1BB8C449}.Release|Any CPU.Build.0 = Release|Any CPU
		{34AA9FFD-3BE7-42DE-9C01-4F9E8DA83F73}.Debug|Any CPU.ActiveCfg = Debug|Any CPU
		{34AA9FFD-3BE7-42DE-9C01-4F9E8DA83F73}.Debug|Any CPU.Build.0 = Debug|Any CPU
		{34AA9FFD-3BE7-42DE-9C01-4F9E8DA83F73}.Release|Any CPU.ActiveCfg = Release|Any CPU
		{34AA9FFD-3BE7-42DE-9C01-4F9E8DA83F73}.Release|Any CPU.Build.0 = Release|Any CPU
		{36F75355-451B-45CD-8F1B-970B16FFABA6}.Debug|Any CPU.ActiveCfg = Debug|Any CPU
		{36F75355-451B-45CD-8F1B-970B16FFABA6}.Debug|Any CPU.Build.0 = Debug|Any CPU
		{36F75355-451B-45CD-8F1B-970B16FFABA6}.Release|Any CPU.ActiveCfg = Release|Any CPU
		{36F75355-451B-45CD-8F1B-970B16FFABA6}.Release|Any CPU.Build.0 = Release|Any CPU
		{B90BA148-415C-48AB-9973-19EB0CE44D29}.Debug|Any CPU.ActiveCfg = Debug|Any CPU
		{B90BA148-415C-48AB-9973-19EB0CE44D29}.Debug|Any CPU.Build.0 = Debug|Any CPU
		{B90BA148-415C-48AB-9973-19EB0CE44D29}.Release|Any CPU.ActiveCfg = Release|Any CPU
		{B90BA148-415C-48AB-9973-19EB0CE44D29}.Release|Any CPU.Build.0 = Release|Any CPU
		{2C59E688-C439-496B-814E-373A14E3CCF5}.Debug|Any CPU.ActiveCfg = Debug|Any CPU
		{2C59E688-C439-496B-814E-373A14E3CCF5}.Debug|Any CPU.Build.0 = Debug|Any CPU
		{2C59E688-C439-496B-814E-373A14E3CCF5}.Release|Any CPU.ActiveCfg = Release|Any CPU
		{2C59E688-C439-496B-814E-373A14E3CCF5}.Release|Any CPU.Build.0 = Release|Any CPU
		{854C0C53-B937-4DF3-BDBA-E89363EFD77C}.Debug|Any CPU.ActiveCfg = Debug|Any CPU
		{854C0C53-B937-4DF3-BDBA-E89363EFD77C}.Debug|Any CPU.Build.0 = Debug|Any CPU
		{854C0C53-B937-4DF3-BDBA-E89363EFD77C}.Release|Any CPU.ActiveCfg = Release|Any CPU
		{854C0C53-B937-4DF3-BDBA-E89363EFD77C}.Release|Any CPU.Build.0 = Release|Any CPU
		{A23CDBF3-D471-4BA2-82FE-3C949E148DA9}.Debug|Any CPU.ActiveCfg = Debug|Any CPU
		{A23CDBF3-D471-4BA2-82FE-3C949E148DA9}.Debug|Any CPU.Build.0 = Debug|Any CPU
		{A23CDBF3-D471-4BA2-82FE-3C949E148DA9}.Release|Any CPU.ActiveCfg = Release|Any CPU
		{A23CDBF3-D471-4BA2-82FE-3C949E148DA9}.Release|Any CPU.Build.0 = Release|Any CPU
		{B2D39A78-02FF-41A4-8755-72FE469E29D3}.Debug|Any CPU.ActiveCfg = Debug|Any CPU
		{B2D39A78-02FF-41A4-8755-72FE469E29D3}.Debug|Any CPU.Build.0 = Debug|Any CPU
		{B2D39A78-02FF-41A4-8755-72FE469E29D3}.Release|Any CPU.ActiveCfg = Release|Any CPU
		{B2D39A78-02FF-41A4-8755-72FE469E29D3}.Release|Any CPU.Build.0 = Release|Any CPU
		{ECC96F24-854F-484B-B677-879A5609C7D1}.Debug|Any CPU.ActiveCfg = Debug|Any CPU
		{ECC96F24-854F-484B-B677-879A5609C7D1}.Debug|Any CPU.Build.0 = Debug|Any CPU
		{ECC96F24-854F-484B-B677-879A5609C7D1}.Release|Any CPU.ActiveCfg = Release|Any CPU
		{ECC96F24-854F-484B-B677-879A5609C7D1}.Release|Any CPU.Build.0 = Release|Any CPU
		{A4C92B74-BFCD-48F7-A6BC-C2EC51633C4C}.Debug|Any CPU.ActiveCfg = Debug|Any CPU
		{A4C92B74-BFCD-48F7-A6BC-C2EC51633C4C}.Debug|Any CPU.Build.0 = Debug|Any CPU
		{A4C92B74-BFCD-48F7-A6BC-C2EC51633C4C}.Release|Any CPU.ActiveCfg = Release|Any CPU
		{A4C92B74-BFCD-48F7-A6BC-C2EC51633C4C}.Release|Any CPU.Build.0 = Release|Any CPU
	EndGlobalSection
	GlobalSection(SolutionProperties) = preSolution
		HideSolutionNode = FALSE
	EndGlobalSection
	GlobalSection(NestedProjects) = preSolution
		{52ECCCE7-83E5-4F21-A379-BB01EA3023BD} = {889D319D-D2D1-4F4D-9DD1-1A991C8041CC}
		{F6899673-1C3B-4FD2-BCF4-76DC1BB8C449} = {554E7BE3-1D51-4701-9728-01AFF13F5ED7}
		{34AA9FFD-3BE7-42DE-9C01-4F9E8DA83F73} = {889D319D-D2D1-4F4D-9DD1-1A991C8041CC}
		{36F75355-451B-45CD-8F1B-970B16FFABA6} = {9F44BD85-6357-4956-8B94-62A58FE32C4D}
		{B90BA148-415C-48AB-9973-19EB0CE44D29} = {9F44BD85-6357-4956-8B94-62A58FE32C4D}
		{2C59E688-C439-496B-814E-373A14E3CCF5} = {889D319D-D2D1-4F4D-9DD1-1A991C8041CC}
		{854C0C53-B937-4DF3-BDBA-E89363EFD77C} = {889D319D-D2D1-4F4D-9DD1-1A991C8041CC}
		{A23CDBF3-D471-4BA2-82FE-3C949E148DA9} = {889D319D-D2D1-4F4D-9DD1-1A991C8041CC}
		{B2D39A78-02FF-41A4-8755-72FE469E29D3} = {889D319D-D2D1-4F4D-9DD1-1A991C8041CC}
		{ECC96F24-854F-484B-B677-879A5609C7D1} = {889D319D-D2D1-4F4D-9DD1-1A991C8041CC}
		{A4C92B74-BFCD-48F7-A6BC-C2EC51633C4C} = {889D319D-D2D1-4F4D-9DD1-1A991C8041CC}
	EndGlobalSection
	GlobalSection(ExtensibilityGlobals) = postSolution
		SolutionGuid = {F5E8A17F-2A1B-4DE4-9F20-9D1AFB448E79}
	EndGlobalSection
EndGlobal
